
Microsoft Visual Studio Solution File, Format Version 12.00
# Visual Studio Version 17
VisualStudioVersion = 17.10.34916.146
MinimumVisualStudioVersion = 10.0.40219.1
Project("{FAE04EC0-301F-11D3-BF4B-00C04F79EFBC}") = "Boolean_uvod", "Boolean_uvod\Boolean_uvod.csproj", "{249B1883-4EB5-45F2-9755-E9673E85D02B}"
EndProject
Project("{FAE04EC0-301F-11D3-BF4B-00C04F79EFBC}") = "IF_uvod", "IF_uvod\IF_uvod.csproj", "{3A404CD7-3EA3-48CD-85FA-D939287E0F71}"
EndProject
Project("{FAE04EC0-301F-11D3-BF4B-00C04F79EFBC}") = "IF_pozitivno_negativno", "IF_pozitivno_negativno\IF_pozitivno_negativno.csproj", "{DF8A2B1F-D029-4BCA-97EF-BF82C4036EF9}"
EndProject
Project("{FAE04EC0-301F-11D3-BF4B-00C04F79EFBC}") = "IF_kvadratna_jednadzba", "IF_kvadratna_jednadzba\IF_kvadratna_jednadzba.csproj", "{96EA062F-3779-48BD-B1FA-CAC7C3167DC6}"
EndProject
Project("{FAE04EC0-301F-11D3-BF4B-00C04F79EFBC}") = "IF_poslovanje", "IF_poslovanje\IF_poslovanje.csproj", "{4A70A66E-C0ED-4907-8EE9-2A8499638264}"
EndProject
Project("{FAE04EC0-301F-11D3-BF4B-00C04F79EFBC}") = "IF_natjecanje", "IF_natjecanje\IF_natjecanje.csproj", "{05C4B8FF-4B80-4004-A90E-BF8DEC3CEACB}"
EndProject
Project("{FAE04EC0-301F-11D3-BF4B-00C04F79EFBC}") = "IF_racunske_operacije", "IF_racunske_operacije\IF_racunske_operacije.csproj", "{CA316911-6346-4818-A135-296F963F7B64}"
EndProject
Project("{FAE04EC0-301F-11D3-BF4B-00C04F79EFBC}") = "IF_upis_na_studij", "IF_upis_na_studij\IF_upis_na_studij.csproj", "{C17F94A3-14D2-4FB6-A637-B71742F38D25}"
EndProject
Global
	GlobalSection(SolutionConfigurationPlatforms) = preSolution
		Debug|Any CPU = Debug|Any CPU
		Release|Any CPU = Release|Any CPU
	EndGlobalSection
	GlobalSection(ProjectConfigurationPlatforms) = postSolution
		{249B1883-4EB5-45F2-9755-E9673E85D02B}.Debug|Any CPU.ActiveCfg = Debug|Any CPU
		{249B1883-4EB5-45F2-9755-E9673E85D02B}.Debug|Any CPU.Build.0 = Debug|Any CPU
		{249B1883-4EB5-45F2-9755-E9673E85D02B}.Release|Any CPU.ActiveCfg = Release|Any CPU
		{249B1883-4EB5-45F2-9755-E9673E85D02B}.Release|Any CPU.Build.0 = Release|Any CPU
		{3A404CD7-3EA3-48CD-85FA-D939287E0F71}.Debug|Any CPU.ActiveCfg = Debug|Any CPU
		{3A404CD7-3EA3-48CD-85FA-D939287E0F71}.Debug|Any CPU.Build.0 = Debug|Any CPU
		{3A404CD7-3EA3-48CD-85FA-D939287E0F71}.Release|Any CPU.ActiveCfg = Release|Any CPU
		{3A404CD7-3EA3-48CD-85FA-D939287E0F71}.Release|Any CPU.Build.0 = Release|Any CPU
		{DF8A2B1F-D029-4BCA-97EF-BF82C4036EF9}.Debug|Any CPU.ActiveCfg = Debug|Any CPU
		{DF8A2B1F-D029-4BCA-97EF-BF82C4036EF9}.Debug|Any CPU.Build.0 = Debug|Any CPU
		{DF8A2B1F-D029-4BCA-97EF-BF82C4036EF9}.Release|Any CPU.ActiveCfg = Release|Any CPU
		{DF8A2B1F-D029-4BCA-97EF-BF82C4036EF9}.Release|Any CPU.Build.0 = Release|Any CPU
		{96EA062F-3779-48BD-B1FA-CAC7C3167DC6}.Debug|Any CPU.ActiveCfg = Debug|Any CPU
		{96EA062F-3779-48BD-B1FA-CAC7C3167DC6}.Debug|Any CPU.Build.0 = Debug|Any CPU
		{96EA062F-3779-48BD-B1FA-CAC7C3167DC6}.Release|Any CPU.ActiveCfg = Release|Any CPU
		{96EA062F-3779-48BD-B1FA-CAC7C3167DC6}.Release|Any CPU.Build.0 = Release|Any CPU
		{4A70A66E-C0ED-4907-8EE9-2A8499638264}.Debug|Any CPU.ActiveCfg = Debug|Any CPU
		{4A70A66E-C0ED-4907-8EE9-2A8499638264}.Debug|Any CPU.Build.0 = Debug|Any CPU
		{4A70A66E-C0ED-4907-8EE9-2A8499638264}.Release|Any CPU.ActiveCfg = Release|Any CPU
		{4A70A66E-C0ED-4907-8EE9-2A8499638264}.Release|Any CPU.Build.0 = Release|Any CPU
		{05C4B8FF-4B80-4004-A90E-BF8DEC3CEACB}.Debug|Any CPU.ActiveCfg = Debug|Any CPU
		{05C4B8FF-4B80-4004-A90E-BF8DEC3CEACB}.Debug|Any CPU.Build.0 = Debug|Any CPU
		{05C4B8FF-4B80-4004-A90E-BF8DEC3CEACB}.Release|Any CPU.ActiveCfg = Release|Any CPU
		{05C4B8FF-4B80-4004-A90E-BF8DEC3CEACB}.Release|Any CPU.Build.0 = Release|Any CPU
		{CA316911-6346-4818-A135-296F963F7B64}.Debug|Any CPU.ActiveCfg = Debug|Any CPU
		{CA316911-6346-4818-A135-296F963F7B64}.Debug|Any CPU.Build.0 = Debug|Any CPU
		{CA316911-6346-4818-A135-296F963F7B64}.Release|Any CPU.ActiveCfg = Release|Any CPU
		{CA316911-6346-4818-A135-296F963F7B64}.Release|Any CPU.Build.0 = Release|Any CPU
		{C17F94A3-14D2-4FB6-A637-B71742F38D25}.Debug|Any CPU.ActiveCfg = Debug|Any CPU
		{C17F94A3-14D2-4FB6-A637-B71742F38D25}.Debug|Any CPU.Build.0 = Debug|Any CPU
		{C17F94A3-14D2-4FB6-A637-B71742F38D25}.Release|Any CPU.ActiveCfg = Release|Any CPU
		{C17F94A3-14D2-4FB6-A637-B71742F38D25}.Release|Any CPU.Build.0 = Release|Any CPU
	EndGlobalSection
	GlobalSection(SolutionProperties) = preSolution
		HideSolutionNode = FALSE
	EndGlobalSection
	GlobalSection(ExtensibilityGlobals) = postSolution
		SolutionGuid = {D7273249-987C-4253-BAF0-3E2EB405D345}
	EndGlobalSection
EndGlobal
